
Microsoft Visual Studio Solution File, Format Version 12.00
# Visual Studio Version 16
VisualStudioVersion = 16.0.30711.63
MinimumVisualStudioVersion = 10.0.40219.1
Project("{FAE04EC0-301F-11D3-BF4B-00C04F79EFBC}") = "1872_回文链表", "1872_回文链表\1872_回文链表.csproj", "{8EA7E012-463E-4E33-949B-E0EFD53782A4}"
EndProject
Project("{FAE04EC0-301F-11D3-BF4B-00C04F79EFBC}") = "1_两数之和", "1_两数之和\1_两数之和.csproj", "{6A4C52B2-362D-419C-9B09-C0D094477B0D}"
EndProject
Project("{FAE04EC0-301F-11D3-BF4B-00C04F79EFBC}") = "7_整数反转", "7_整数反转\7_整数反转.csproj", "{CAFBC602-89CC-4B50-B1DE-1E01C6A276C1}"
EndProject
Global
	GlobalSection(SolutionConfigurationPlatforms) = preSolution
		Debug|Any CPU = Debug|Any CPU
		Release|Any CPU = Release|Any CPU
	EndGlobalSection
	GlobalSection(ProjectConfigurationPlatforms) = postSolution
		{8EA7E012-463E-4E33-949B-E0EFD53782A4}.Debug|Any CPU.ActiveCfg = Debug|Any CPU
		{8EA7E012-463E-4E33-949B-E0EFD53782A4}.Debug|Any CPU.Build.0 = Debug|Any CPU
		{8EA7E012-463E-4E33-949B-E0EFD53782A4}.Release|Any CPU.ActiveCfg = Release|Any CPU
		{8EA7E012-463E-4E33-949B-E0EFD53782A4}.Release|Any CPU.Build.0 = Release|Any CPU
		{6A4C52B2-362D-419C-9B09-C0D094477B0D}.Debug|Any CPU.ActiveCfg = Debug|Any CPU
		{6A4C52B2-362D-419C-9B09-C0D094477B0D}.Debug|Any CPU.Build.0 = Debug|Any CPU
		{6A4C52B2-362D-419C-9B09-C0D094477B0D}.Release|Any CPU.ActiveCfg = Release|Any CPU
		{6A4C52B2-362D-419C-9B09-C0D094477B0D}.Release|Any CPU.Build.0 = Release|Any CPU
		{CAFBC602-89CC-4B50-B1DE-1E01C6A276C1}.Debug|Any CPU.ActiveCfg = Debug|Any CPU
		{CAFBC602-89CC-4B50-B1DE-1E01C6A276C1}.Debug|Any CPU.Build.0 = Debug|Any CPU
		{CAFBC602-89CC-4B50-B1DE-1E01C6A276C1}.Release|Any CPU.ActiveCfg = Release|Any CPU
		{CAFBC602-89CC-4B50-B1DE-1E01C6A276C1}.Release|Any CPU.Build.0 = Release|Any CPU
	EndGlobalSection
	GlobalSection(SolutionProperties) = preSolution
		HideSolutionNode = FALSE
	EndGlobalSection
	GlobalSection(ExtensibilityGlobals) = postSolution
		SolutionGuid = {FC3A7980-572E-4DAC-97B9-01188360AA56}
	EndGlobalSection
EndGlobal
